// !$*UTF8*$!
{
	archiveVersion = 1;
	classes = {
	};
	objectVersion = 50;
	objects = {

/* Begin PBXBuildFile section */
		668FCE5221003ED6004278B5 /* AppDelegate.swift in Sources */ = {isa = PBXBuildFile; fileRef = 668FCE5121003ED6004278B5 /* AppDelegate.swift */; };
		668FCE5421003ED6004278B5 /* ViewController.swift in Sources */ = {isa = PBXBuildFile; fileRef = 668FCE5321003ED6004278B5 /* ViewController.swift */; };
		668FCE5721003ED6004278B5 /* Main.storyboard in Resources */ = {isa = PBXBuildFile; fileRef = 668FCE5521003ED6004278B5 /* Main.storyboard */; };
		668FCE5921003ED7004278B5 /* Assets.xcassets in Resources */ = {isa = PBXBuildFile; fileRef = 668FCE5821003ED7004278B5 /* Assets.xcassets */; };
		668FCE5C21003ED7004278B5 /* LaunchScreen.storyboard in Resources */ = {isa = PBXBuildFile; fileRef = 668FCE5A21003ED7004278B5 /* LaunchScreen.storyboard */; };
		668FCE6721003ED7004278B5 /* wish_listUITests.swift in Sources */ = {isa = PBXBuildFile; fileRef = 668FCE6621003ED7004278B5 /* wish_listUITests.swift */; };
/* End PBXBuildFile section */

/* Begin PBXContainerItemProxy section */
		668FCE6321003ED7004278B5 /* PBXContainerItemProxy */ = {
			isa = PBXContainerItemProxy;
			containerPortal = 668FCE4621003ED6004278B5 /* Project object */;
			proxyType = 1;
			remoteGlobalIDString = 668FCE4D21003ED6004278B5;
			remoteInfo = "wish-list";
		};
/* End PBXContainerItemProxy section */

/* Begin PBXFileReference section */
		668FCE4E21003ED6004278B5 /* wish-list.app */ = {isa = PBXFileReference; explicitFileType = wrapper.application; includeInIndex = 0; path = "wish-list.app"; sourceTree = BUILT_PRODUCTS_DIR; };
		668FCE5121003ED6004278B5 /* AppDelegate.swift */ = {isa = PBXFileReference; lastKnownFileType = sourcecode.swift; path = AppDelegate.swift; sourceTree = "<group>"; };
		668FCE5321003ED6004278B5 /* ViewController.swift */ = {isa = PBXFileReference; lastKnownFileType = sourcecode.swift; path = ViewController.swift; sourceTree = "<group>"; };
		668FCE5621003ED6004278B5 /* Base */ = {isa = PBXFileReference; lastKnownFileType = file.storyboard; name = Base; path = Base.lproj/Main.storyboard; sourceTree = "<group>"; };
		668FCE5821003ED7004278B5 /* Assets.xcassets */ = {isa = PBXFileReference; lastKnownFileType = folder.assetcatalog; path = Assets.xcassets; sourceTree = "<group>"; };
		668FCE5B21003ED7004278B5 /* Base */ = {isa = PBXFileReference; lastKnownFileType = file.storyboard; name = Base; path = Base.lproj/LaunchScreen.storyboard; sourceTree = "<group>"; };
		668FCE5D21003ED7004278B5 /* Info.plist */ = {isa = PBXFileReference; lastKnownFileType = text.plist.xml; path = Info.plist; sourceTree = "<group>"; };
		668FCE6221003ED7004278B5 /* wish-listUITests.xctest */ = {isa = PBXFileReference; explicitFileType = wrapper.cfbundle; includeInIndex = 0; path = "wish-listUITests.xctest"; sourceTree = BUILT_PRODUCTS_DIR; };
		668FCE6621003ED7004278B5 /* wish_listUITests.swift */ = {isa = PBXFileReference; lastKnownFileType = sourcecode.swift; path = wish_listUITests.swift; sourceTree = "<group>"; };
		668FCE6821003ED7004278B5 /* Info.plist */ = {isa = PBXFileReference; lastKnownFileType = text.plist.xml; path = Info.plist; sourceTree = "<group>"; };
/* End PBXFileReference section */

/* Begin PBXFrameworksBuildPhase section */
		668FCE4B21003ED6004278B5 /* Frameworks */ = {
			isa = PBXFrameworksBuildPhase;
			buildActionMask = 2147483647;
			files = (
			);
			runOnlyForDeploymentPostprocessing = 0;
		};
		668FCE5F21003ED7004278B5 /* Frameworks */ = {
			isa = PBXFrameworksBuildPhase;
			buildActionMask = 2147483647;
			files = (
			);
			runOnlyForDeploymentPostprocessing = 0;
		};
/* End PBXFrameworksBuildPhase section */

/* Begin PBXGroup section */
		668FCE4521003ED6004278B5 = {
			isa = PBXGroup;
			children = (
				668FCE5021003ED6004278B5 /* wish-list */,
				668FCE6521003ED7004278B5 /* wish-listUITests */,
				668FCE4F21003ED6004278B5 /* Products */,
			);
			sourceTree = "<group>";
		};
		668FCE4F21003ED6004278B5 /* Products */ = {
			isa = PBXGroup;
			children = (
				668FCE4E21003ED6004278B5 /* wish-list.app */,
				668FCE6221003ED7004278B5 /* wish-listUITests.xctest */,
			);
			name = Products;
			sourceTree = "<group>";
		};
		668FCE5021003ED6004278B5 /* wish-list */ = {
			isa = PBXGroup;
			children = (
				668FCE5121003ED6004278B5 /* AppDelegate.swift */,
				668FCE5321003ED6004278B5 /* ViewController.swift */,
				668FCE5521003ED6004278B5 /* Main.storyboard */,
				668FCE5821003ED7004278B5 /* Assets.xcassets */,
				668FCE5A21003ED7004278B5 /* LaunchScreen.storyboard */,
				668FCE5D21003ED7004278B5 /* Info.plist */,
			);
			path = "wish-list";
			sourceTree = "<group>";
		};
		668FCE6521003ED7004278B5 /* wish-listUITests */ = {
			isa = PBXGroup;
			children = (
				668FCE6621003ED7004278B5 /* wish_listUITests.swift */,
				668FCE6821003ED7004278B5 /* Info.plist */,
			);
			path = "wish-listUITests";
			sourceTree = "<group>";
		};
/* End PBXGroup section */

/* Begin PBXNativeTarget section */
		668FCE4D21003ED6004278B5 /* wish-list */ = {
			isa = PBXNativeTarget;
			buildConfigurationList = 668FCE6B21003ED7004278B5 /* Build configuration list for PBXNativeTarget "wish-list" */;
			buildPhases = (
				668FCE4A21003ED6004278B5 /* Sources */,
				668FCE4B21003ED6004278B5 /* Frameworks */,
				668FCE4C21003ED6004278B5 /* Resources */,
			);
			buildRules = (
			);
			dependencies = (
			);
			name = "wish-list";
			productName = "wish-list";
			productReference = 668FCE4E21003ED6004278B5 /* wish-list.app */;
			productType = "com.apple.product-type.application";
		};
		668FCE6121003ED7004278B5 /* wish-listUITests */ = {
			isa = PBXNativeTarget;
			buildConfigurationList = 668FCE6E21003ED7004278B5 /* Build configuration list for PBXNativeTarget "wish-listUITests" */;
			buildPhases = (
				668FCE5E21003ED7004278B5 /* Sources */,
				668FCE5F21003ED7004278B5 /* Frameworks */,
				668FCE6021003ED7004278B5 /* Resources */,
			);
			buildRules = (
			);
			dependencies = (
				668FCE6421003ED7004278B5 /* PBXTargetDependency */,
			);
			name = "wish-listUITests";
			productName = "wish-listUITests";
			productReference = 668FCE6221003ED7004278B5 /* wish-listUITests.xctest */;
			productType = "com.apple.product-type.bundle.ui-testing";
		};
/* End PBXNativeTarget section */

/* Begin PBXProject section */
		668FCE4621003ED6004278B5 /* Project object */ = {
			isa = PBXProject;
			attributes = {
				LastSwiftUpdateCheck = 0940;
				LastUpgradeCheck = 0940;
				ORGANIZATIONNAME = Arif;
				TargetAttributes = {
					668FCE4D21003ED6004278B5 = {
						CreatedOnToolsVersion = 9.4.1;
					};
					668FCE6121003ED7004278B5 = {
						CreatedOnToolsVersion = 9.4.1;
						TestTargetID = 668FCE4D21003ED6004278B5;
					};
				};
			};
			buildConfigurationList = 668FCE4921003ED6004278B5 /* Build configuration list for PBXProject "wish-list" */;
			compatibilityVersion = "Xcode 9.3";
			developmentRegion = en;
			hasScannedForEncodings = 0;
			knownRegions = (
				en,
				Base,
			);
			mainGroup = 668FCE4521003ED6004278B5;
			productRefGroup = 668FCE4F21003ED6004278B5 /* Products */;
			projectDirPath = "";
			projectRoot = "";
			targets = (
				668FCE4D21003ED6004278B5 /* wish-list */,
				668FCE6121003ED7004278B5 /* wish-listUITests */,
			);
		};
/* End PBXProject section */

/* Begin PBXResourcesBuildPhase section */
		668FCE4C21003ED6004278B5 /* Resources */ = {
			isa = PBXResourcesBuildPhase;
			buildActionMask = 2147483647;
			files = (
				668FCE5C21003ED7004278B5 /* LaunchScreen.storyboard in Resources */,
				668FCE5921003ED7004278B5 /* Assets.xcassets in Resources */,
				668FCE5721003ED6004278B5 /* Main.storyboard in Resources */,
			);
			runOnlyForDeploymentPostprocessing = 0;
		};
		668FCE6021003ED7004278B5 /* Resources */ = {
			isa = PBXResourcesBuildPhase;
			buildActionMask = 2147483647;
			files = (
			);
			runOnlyForDeploymentPostprocessing = 0;
		};
/* End PBXResourcesBuildPhase section */

/* Begin PBXSourcesBuildPhase section */
		668FCE4A21003ED6004278B5 /* Sources */ = {
			isa = PBXSourcesBuildPhase;
			buildActionMask = 2147483647;
			files = (
				668FCE5421003ED6004278B5 /* ViewController.swift in Sources */,
				668FCE5221003ED6004278B5 /* AppDelegate.swift in Sources */,
			);
			runOnlyForDeploymentPostprocessing = 0;
		};
		668FCE5E21003ED7004278B5 /* Sources */ = {
			isa = PBXSourcesBuildPhase;
			buildActionMask = 2147483647;
			files = (
				668FCE6721003ED7004278B5 /* wish_listUITests.swift in Sources */,
			);
			runOnlyForDeploymentPostprocessing = 0;
		};
/* End PBXSourcesBuildPhase section */

/* Begin PBXTargetDependency section */
		668FCE6421003ED7004278B5 /* PBXTargetDependency */ = {
			isa = PBXTargetDependency;
			target = 668FCE4D21003ED6004278B5 /* wish-list */;
			targetProxy = 668FCE6321003ED7004278B5 /* PBXContainerItemProxy */;
		};
/* End PBXTargetDependency section */

/* Begin PBXVariantGroup section */
		668FCE5521003ED6004278B5 /* Main.storyboard */ = {
			isa = PBXVariantGroup;
			children = (
				668FCE5621003ED6004278B5 /* Base */,
			);
			name = Main.storyboard;
			sourceTree = "<group>";
		};
		668FCE5A21003ED7004278B5 /* LaunchScreen.storyboard */ = {
			isa = PBXVariantGroup;
			children = (
				668FCE5B21003ED7004278B5 /* Base */,
			);
			name = LaunchScreen.storyboard;
			sourceTree = "<group>";
		};
/* End PBXVariantGroup section */

/* Begin XCBuildConfiguration section */
		668FCE6921003ED7004278B5 /* Debug */ = {
			isa = XCBuildConfiguration;
			buildSettings = {
				ALWAYS_SEARCH_USER_PATHS = NO;
				CLANG_ANALYZER_NONNULL = YES;
				CLANG_ANALYZER_NUMBER_OBJECT_CONVERSION = YES_AGGRESSIVE;
				CLANG_CXX_LANGUAGE_STANDARD = "gnu++14";
				CLANG_CXX_LIBRARY = "libc++";
				CLANG_ENABLE_MODULES = YES;
				CLANG_ENABLE_OBJC_ARC = YES;
				CLANG_ENABLE_OBJC_WEAK = YES;
				CLANG_WARN_BLOCK_CAPTURE_AUTORELEASING = YES;
				CLANG_WARN_BOOL_CONVERSION = YES;
				CLANG_WARN_COMMA = YES;
				CLANG_WARN_CONSTANT_CONVERSION = YES;
				CLANG_WARN_DEPRECATED_OBJC_IMPLEMENTATIONS = YES;
				CLANG_WARN_DIRECT_OBJC_ISA_USAGE = YES_ERROR;
				CLANG_WARN_DOCUMENTATION_COMMENTS = YES;
				CLANG_WARN_EMPTY_BODY = YES;
				CLANG_WARN_ENUM_CONVERSION = YES;
				CLANG_WARN_INFINITE_RECURSION = YES;
				CLANG_WARN_INT_CONVERSION = YES;
				CLANG_WARN_NON_LITERAL_NULL_CONVERSION = YES;
				CLANG_WARN_OBJC_IMPLICIT_RETAIN_SELF = YES;
				CLANG_WARN_OBJC_LITERAL_CONVERSION = YES;
				CLANG_WARN_OBJC_ROOT_CLASS = YES_ERROR;
				CLANG_WARN_RANGE_LOOP_ANALYSIS = YES;
				CLANG_WARN_STRICT_PROTOTYPES = YES;
				CLANG_WARN_SUSPICIOUS_MOVE = YES;
				CLANG_WARN_UNGUARDED_AVAILABILITY = YES_AGGRESSIVE;
				CLANG_WARN_UNREACHABLE_CODE = YES;
				CLANG_WARN__DUPLICATE_METHOD_MATCH = YES;
				CODE_SIGN_IDENTITY = "iPhone Developer";
				COPY_PHASE_STRIP = NO;
				DEBUG_INFORMATION_FORMAT = dwarf;
				ENABLE_STRICT_OBJC_MSGSEND = YES;
				ENABLE_TESTABILITY = YES;
				GCC_C_LANGUAGE_STANDARD = gnu11;
				GCC_DYNAMIC_NO_PIC = NO;
				GCC_NO_COMMON_BLOCKS = YES;
				GCC_OPTIMIZATION_LEVEL = 0;
				GCC_PREPROCESSOR_DEFINITIONS = (
					"DEBUG=1",
					"$(inherited)",
				);
				GCC_WARN_64_TO_32_BIT_CONVERSION = YES;
				GCC_WARN_ABOUT_RETURN_TYPE = YES_ERROR;
				GCC_WARN_UNDECLARED_SELECTOR = YES;
				GCC_WARN_UNINITIALIZED_AUTOS = YES_AGGRESSIVE;
				GCC_WARN_UNUSED_FUNCTION = YES;
				GCC_WARN_UNUSED_VARIABLE = YES;
				IPHONEOS_DEPLOYMENT_TARGET = 11.4;
				MTL_ENABLE_DEBUG_INFO = YES;
				ONLY_ACTIVE_ARCH = YES;
				SDKROOT = iphoneos;
				SWIFT_ACTIVE_COMPILATION_CONDITIONS = DEBUG;
				SWIFT_OPTIMIZATION_LEVEL = "-Onone";
			};
			name = Debug;
		};
		668FCE6A21003ED7004278B5 /* Release */ = {
			isa = XCBuildConfiguration;
			buildSettings = {
				ALWAYS_SEARCH_USER_PATHS = NO;
				CLANG_ANALYZER_NONNULL = YES;
				CLANG_ANALYZER_NUMBER_OBJECT_CONVERSION = YES_AGGRESSIVE;
				CLANG_CXX_LANGUAGE_STANDARD = "gnu++14";
				CLANG_CXX_LIBRARY = "libc++";
				CLANG_ENABLE_MODULES = YES;
				CLANG_ENABLE_OBJC_ARC = YES;
				CLANG_ENABLE_OBJC_WEAK = YES;
				CLANG_WARN_BLOCK_CAPTURE_AUTORELEASING = YES;
				CLANG_WARN_BOOL_CONVERSION = YES;
				CLANG_WARN_COMMA = YES;
				CLANG_WARN_CONSTANT_CONVERSION = YES;
				CLANG_WARN_DEPRECATED_OBJC_IMPLEMENTATIONS = YES;
				CLANG_WARN_DIRECT_OBJC_ISA_USAGE = YES_ERROR;
				CLANG_WARN_DOCUMENTATION_COMMENTS = YES;
				CLANG_WARN_EMPTY_BODY = YES;
				CLANG_WARN_ENUM_CONVERSION = YES;
				CLANG_WARN_INFINITE_RECURSION = YES;
				CLANG_WARN_INT_CONVERSION = YES;
				CLANG_WARN_NON_LITERAL_NULL_CONVERSION = YES;
				CLANG_WARN_OBJC_IMPLICIT_RETAIN_SELF = YES;
				CLANG_WARN_OBJC_LITERAL_CONVERSION = YES;
				CLANG_WARN_OBJC_ROOT_CLASS = YES_ERROR;
				CLANG_WARN_RANGE_LOOP_ANALYSIS = YES;
				CLANG_WARN_STRICT_PROTOTYPES = YES;
				CLANG_WARN_SUSPICIOUS_MOVE = YES;
				CLANG_WARN_UNGUARDED_AVAILABILITY = YES_AGGRESSIVE;
				CLANG_WARN_UNREACHABLE_CODE = YES;
				CLANG_WARN__DUPLICATE_METHOD_MATCH = YES;
				CODE_SIGN_IDENTITY = "iPhone Developer";
				COPY_PHASE_STRIP = NO;
				DEBUG_INFORMATION_FORMAT = "dwarf-with-dsym";
				ENABLE_NS_ASSERTIONS = NO;
				ENABLE_STRICT_OBJC_MSGSEND = YES;
				GCC_C_LANGUAGE_STANDARD = gnu11;
				GCC_NO_COMMON_BLOCKS = YES;
				GCC_WARN_64_TO_32_BIT_CONVERSION = YES;
				GCC_WARN_ABOUT_RETURN_TYPE = YES_ERROR;
				GCC_WARN_UNDECLARED_SELECTOR = YES;
				GCC_WARN_UNINITIALIZED_AUTOS = YES_AGGRESSIVE;
				GCC_WARN_UNUSED_FUNCTION = YES;
				GCC_WARN_UNUSED_VARIABLE = YES;
				IPHONEOS_DEPLOYMENT_TARGET = 11.4;
				MTL_ENABLE_DEBUG_INFO = NO;
				SDKROOT = iphoneos;
				SWIFT_COMPILATION_MODE = wholemodule;
				SWIFT_OPTIMIZATION_LEVEL = "-O";
				VALIDATE_PRODUCT = YES;
			};
			name = Release;
		};
		668FCE6C21003ED7004278B5 /* Debug */ = {
			isa = XCBuildConfiguration;
			buildSettings = {
				ASSETCATALOG_COMPILER_APPICON_NAME = AppIcon;
				CODE_SIGN_STYLE = Automatic;
				DEVELOPMENT_TEAM = JDD9K9B6E7;
				INFOPLIST_FILE = "wish-list/Info.plist";
				LD_RUNPATH_SEARCH_PATHS = (
					"$(inherited)",
					"@executable_path/Frameworks",
				);
				PRODUCT_BUNDLE_IDENTIFIER = "Arif.wish-list";
				PRODUCT_NAME = "$(TARGET_NAME)";
				SWIFT_VERSION = 4.0;
				TARGETED_DEVICE_FAMILY = "1,2";
			};
			name = Debug;
		};
		668FCE6D21003ED7004278B5 /* Release */ = {
			isa = XCBuildConfiguration;
			buildSettings = {
				ASSETCATALOG_COMPILER_APPICON_NAME = AppIcon;
				CODE_SIGN_STYLE = Automatic;
				DEVELOPMENT_TEAM = JDD9K9B6E7;
				INFOPLIST_FILE = "wish-list/Info.plist";
				LD_RUNPATH_SEARCH_PATHS = (
					"$(inherited)",
					"@executable_path/Frameworks",
				);
				PRODUCT_BUNDLE_IDENTIFIER = "Arif.wish-list";
				PRODUCT_NAME = "$(TARGET_NAME)";
				SWIFT_VERSION = 4.0;
				TARGETED_DEVICE_FAMILY = "1,2";
			};
			name = Release;
		};
		668FCE6F21003ED7004278B5 /* Debug */ = {
			isa = XCBuildConfiguration;
			buildSettings = {
				ALWAYS_EMBED_SWIFT_STANDARD_LIBRARIES = YES;
				CODE_SIGN_STYLE = Automatic;
				DEVELOPMENT_TEAM = JDD9K9B6E7;
				INFOPLIST_FILE = "wish-listUITests/Info.plist";
				LD_RUNPATH_SEARCH_PATHS = (
					"$(inherited)",
					"@executable_path/Frameworks",
					"@loader_path/Frameworks",
				);
				PRODUCT_BUNDLE_IDENTIFIER = "Arif.wish-listUITests";
				PRODUCT_NAME = "$(TARGET_NAME)";
				SWIFT_VERSION = 4.0;
				TARGETED_DEVICE_FAMILY = "1,2";
				TEST_TARGET_NAME = "wish-list";
			};
			name = Debug;
		};
		668FCE7021003ED7004278B5 /* Release */ = {
			isa = XCBuildConfiguration;
			buildSettings = {
				ALWAYS_EMBED_SWIFT_STANDARD_LIBRARIES = YES;
				CODE_SIGN_STYLE = Automatic;
				DEVELOPMENT_TEAM = JDD9K9B6E7;
				INFOPLIST_FILE = "wish-listUITests/Info.plist";
				LD_RUNPATH_SEARCH_PATHS = (
					"$(inherited)",
					"@executable_path/Frameworks",
					"@loader_path/Frameworks",
				);
				PRODUCT_BUNDLE_IDENTIFIER = "Arif.wish-listUITests";
				PRODUCT_NAME = "$(TARGET_NAME)";
				SWIFT_VERSION = 4.0;
				TARGETED_DEVICE_FAMILY = "1,2";
				TEST_TARGET_NAME = "wish-list";
			};
			name = Release;
		};
/* End XCBuildConfiguration section */

/* Begin XCConfigurationList section */
		668FCE4921003ED6004278B5 /* Build configuration list for PBXProject "wish-list" */ = {
			isa = XCConfigurationList;
			buildConfigurations = (
				668FCE6921003ED7004278B5 /* Debug */,
				668FCE6A21003ED7004278B5 /* Release */,
			);
			defaultConfigurationIsVisible = 0;
			defaultConfigurationName = Release;
		};
		668FCE6B21003ED7004278B5 /* Build configuration list for PBXNativeTarget "wish-list" */ = {
			isa = XCConfigurationList;
			buildConfigurations = (
				668FCE6C21003ED7004278B5 /* Debug */,
				668FCE6D21003ED7004278B5 /* Release */,
			);
			defaultConfigurationIsVisible = 0;
			defaultConfigurationName = Release;
		};
		668FCE6E21003ED7004278B5 /* Build configuration list for PBXNativeTarget "wish-listUITests" */ = {
			isa = XCConfigurationList;
			buildConfigurations = (
				668FCE6F21003ED7004278B5 /* Debug */,
				668FCE7021003ED7004278B5 /* Release */,
			);
			defaultConfigurationIsVisible = 0;
			defaultConfigurationName = Release;
		};
/* End XCConfigurationList section */
	};
	rootObject = 668FCE4621003ED6004278B5 /* Project object */;
}
